
Microsoft Visual Studio Solution File, Format Version 12.00
# Visual Studio Version 17
VisualStudioVersion = 17.5.002.0
MinimumVisualStudioVersion = 10.0.40219.1
Project("{2150E333-8FDC-42A3-9474-1A3956D46DE8}") = "csharp-prep", "csharp-prep", "{8F001774-FC69-4762-99FD-03E811326E92}"
EndProject
Project("{9A19103F-16F7-4668-BE54-9A1E7A4F7556}") = "Prep1", "csharp-prep\Prep1\Prep1.csproj", "{4EE06626-5F71-4CFD-8871-D77BAEACB225}"
EndProject
Project("{9A19103F-16F7-4668-BE54-9A1E7A4F7556}") = "Prep2", "csharp-prep\Prep2\Prep2.csproj", "{0757E11B-E151-4EE7-B0C5-87B730770F0B}"
EndProject
Project("{9A19103F-16F7-4668-BE54-9A1E7A4F7556}") = "Prep3", "csharp-prep\Prep3\Prep3.csproj", "{C239DC2C-2681-4DDC-94D2-14F20CFF8451}"
EndProject
Project("{9A19103F-16F7-4668-BE54-9A1E7A4F7556}") = "Prep4", "csharp-prep\Prep4\Prep4.csproj", "{C4AA2F16-8610-423E-81D8-B0AA8B4D33B4}"
EndProject
Project("{9A19103F-16F7-4668-BE54-9A1E7A4F7556}") = "Prep5", "csharp-prep\Prep5\Prep5.csproj", "{B6BA8E8F-F009-415C-A43E-AAF6157CF5D2}"
EndProject
Project("{2150E333-8FDC-42A3-9474-1A3956D46DE8}") = "final", "final", "{7EAD055A-D33C-40C9-822B-DF5595590DB9}"
EndProject
Project("{9A19103F-16F7-4668-BE54-9A1E7A4F7556}") = "FinalProject", "final\FinalProject\FinalProject.csproj", "{9AD4E21A-C5A6-43B9-BC8A-9FDA96ED4D98}"
EndProject
Project("{9A19103F-16F7-4668-BE54-9A1E7A4F7556}") = "Foundation1", "final\Foundation1\Foundation1.csproj", "{4143E92A-CAB5-4C0A-9DDE-102AAC7C862A}"
EndProject
Project("{9A19103F-16F7-4668-BE54-9A1E7A4F7556}") = "Foundation2", "final\Foundation2\Foundation2.csproj", "{3BB45715-43A7-4BB8-8882-9E06B406F189}"
EndProject
Project("{9A19103F-16F7-4668-BE54-9A1E7A4F7556}") = "Foundation3", "final\Foundation3\Foundation3.csproj", "{BA353BDD-3335-4FEC-8D44-13F5D111EE0C}"
EndProject
Project("{9A19103F-16F7-4668-BE54-9A1E7A4F7556}") = "Foundation4", "final\Foundation4\Foundation4.csproj", "{9C7C560D-C1C1-41CF-A6C1-F93398A280E1}"
EndProject
Project("{2150E333-8FDC-42A3-9474-1A3956D46DE8}") = "prepare", "prepare", "{7E409943-62FF-4AA7-AA63-F7A4D600878D}"
EndProject
Project("{9A19103F-16F7-4668-BE54-9A1E7A4F7556}") = "Learning02", "prepare\Learning02\Learning02.csproj", "{D27DDC06-ECC7-48CD-9148-7F052DD8A1CC}"
EndProject
Project("{9A19103F-16F7-4668-BE54-9A1E7A4F7556}") = "Learning03", "prepare\Learning03\Learning03.csproj", "{51B909AE-A001-4D9D-A88A-E1EE7B42874F}"
EndProject
Project("{9A19103F-16F7-4668-BE54-9A1E7A4F7556}") = "Learning04", "prepare\Learning04\Learning04.csproj", "{79B16E6D-16C4-4D35-8369-28CE876BA4A9}"
EndProject
Project("{9A19103F-16F7-4668-BE54-9A1E7A4F7556}") = "Learning05", "prepare\Learning05\Learning05.csproj", "{0EE1B236-B4B3-4D9E-8E5C-4CBAD80D92FD}"
EndProject
Project("{2150E333-8FDC-42A3-9474-1A3956D46DE8}") = "prove", "prove", "{452899FD-C789-44E4-8901-CC4C5F401E7A}"
EndProject
Project("{9A19103F-16F7-4668-BE54-9A1E7A4F7556}") = "Develop02", "prove\Develop02\Develop02.csproj", "{B184475F-787D-48AF-A291-9BAC6BC7A647}"
EndProject
Project("{9A19103F-16F7-4668-BE54-9A1E7A4F7556}") = "Develop03", "prove\Develop03\Develop03.csproj", "{E364C945-D752-48A2-B4A7-18B080ED48BE}"
EndProject
Project("{9A19103F-16F7-4668-BE54-9A1E7A4F7556}") = "Develop04", "prove\Develop04\Develop04.csproj", "{BF6540F1-AE78-4C4A-A4A3-F366E09D74BC}"
EndProject
Project("{9A19103F-16F7-4668-BE54-9A1E7A4F7556}") = "Develop05", "prove\Develop05\Develop05.csproj", "{5AB7BA03-2510-4732-BECA-09C5DF8802A3}"
EndProject
Project("{2150E333-8FDC-42A3-9474-1A3956D46DE8}") = "sandbox", "sandbox", "{88CC6161-A10D-494A-915F-F0A500467BC0}"
EndProject
Project("{9A19103F-16F7-4668-BE54-9A1E7A4F7556}") = "Sandbox", "sandbox\Sandbox\Sandbox.csproj", "{18CCB9F9-775F-45B0-A554-E347BC7021C8}"
EndProject
Global
	GlobalSection(SolutionConfigurationPlatforms) = preSolution
		Debug|Any CPU = Debug|Any CPU
		Release|Any CPU = Release|Any CPU
	EndGlobalSection
	GlobalSection(ProjectConfigurationPlatforms) = postSolution
		{4EE06626-5F71-4CFD-8871-D77BAEACB225}.Debug|Any CPU.ActiveCfg = Debug|Any CPU
		{4EE06626-5F71-4CFD-8871-D77BAEACB225}.Debug|Any CPU.Build.0 = Debug|Any CPU
		{4EE06626-5F71-4CFD-8871-D77BAEACB225}.Release|Any CPU.ActiveCfg = Release|Any CPU
		{4EE06626-5F71-4CFD-8871-D77BAEACB225}.Release|Any CPU.Build.0 = Release|Any CPU
		{0757E11B-E151-4EE7-B0C5-87B730770F0B}.Debug|Any CPU.ActiveCfg = Debug|Any CPU
		{0757E11B-E151-4EE7-B0C5-87B730770F0B}.Debug|Any CPU.Build.0 = Debug|Any CPU
		{0757E11B-E151-4EE7-B0C5-87B730770F0B}.Release|Any CPU.ActiveCfg = Release|Any CPU
		{0757E11B-E151-4EE7-B0C5-87B730770F0B}.Release|Any CPU.Build.0 = Release|Any CPU
		{C239DC2C-2681-4DDC-94D2-14F20CFF8451}.Debug|Any CPU.ActiveCfg = Debug|Any CPU
		{C239DC2C-2681-4DDC-94D2-14F20CFF8451}.Debug|Any CPU.Build.0 = Debug|Any CPU
		{C239DC2C-2681-4DDC-94D2-14F20CFF8451}.Release|Any CPU.ActiveCfg = Release|Any CPU
		{C239DC2C-2681-4DDC-94D2-14F20CFF8451}.Release|Any CPU.Build.0 = Release|Any CPU
		{C4AA2F16-8610-423E-81D8-B0AA8B4D33B4}.Debug|Any CPU.ActiveCfg = Debug|Any CPU
		{C4AA2F16-8610-423E-81D8-B0AA8B4D33B4}.Debug|Any CPU.Build.0 = Debug|Any CPU
		{C4AA2F16-8610-423E-81D8-B0AA8B4D33B4}.Release|Any CPU.ActiveCfg = Release|Any CPU
		{C4AA2F16-8610-423E-81D8-B0AA8B4D33B4}.Release|Any CPU.Build.0 = Release|Any CPU
		{B6BA8E8F-F009-415C-A43E-AAF6157CF5D2}.Debug|Any CPU.ActiveCfg = Debug|Any CPU
		{B6BA8E8F-F009-415C-A43E-AAF6157CF5D2}.Debug|Any CPU.Build.0 = Debug|Any CPU
		{B6BA8E8F-F009-415C-A43E-AAF6157CF5D2}.Release|Any CPU.ActiveCfg = Release|Any CPU
		{B6BA8E8F-F009-415C-A43E-AAF6157CF5D2}.Release|Any CPU.Build.0 = Release|Any CPU
		{9AD4E21A-C5A6-43B9-BC8A-9FDA96ED4D98}.Debug|Any CPU.ActiveCfg = Debug|Any CPU
		{9AD4E21A-C5A6-43B9-BC8A-9FDA96ED4D98}.Debug|Any CPU.Build.0 = Debug|Any CPU
		{9AD4E21A-C5A6-43B9-BC8A-9FDA96ED4D98}.Release|Any CPU.ActiveCfg = Release|Any CPU
		{9AD4E21A-C5A6-43B9-BC8A-9FDA96ED4D98}.Release|Any CPU.Build.0 = Release|Any CPU
		{4143E92A-CAB5-4C0A-9DDE-102AAC7C862A}.Debug|Any CPU.ActiveCfg = Debug|Any CPU
		{4143E92A-CAB5-4C0A-9DDE-102AAC7C862A}.Debug|Any CPU.Build.0 = Debug|Any CPU
		{4143E92A-CAB5-4C0A-9DDE-102AAC7C862A}.Release|Any CPU.ActiveCfg = Release|Any CPU
		{4143E92A-CAB5-4C0A-9DDE-102AAC7C862A}.Release|Any CPU.Build.0 = Release|Any CPU
		{3BB45715-43A7-4BB8-8882-9E06B406F189}.Debug|Any CPU.ActiveCfg = Debug|Any CPU
		{3BB45715-43A7-4BB8-8882-9E06B406F189}.Debug|Any CPU.Build.0 = Debug|Any CPU
		{3BB45715-43A7-4BB8-8882-9E06B406F189}.Release|Any CPU.ActiveCfg = Release|Any CPU
		{3BB45715-43A7-4BB8-8882-9E06B406F189}.Release|Any CPU.Build.0 = Release|Any CPU
		{BA353BDD-3335-4FEC-8D44-13F5D111EE0C}.Debug|Any CPU.ActiveCfg = Debug|Any CPU
		{BA353BDD-3335-4FEC-8D44-13F5D111EE0C}.Debug|Any CPU.Build.0 = Debug|Any CPU
		{BA353BDD-3335-4FEC-8D44-13F5D111EE0C}.Release|Any CPU.ActiveCfg = Release|Any CPU
		{BA353BDD-3335-4FEC-8D44-13F5D111EE0C}.Release|Any CPU.Build.0 = Release|Any CPU
		{9C7C560D-C1C1-41CF-A6C1-F93398A280E1}.Debug|Any CPU.ActiveCfg = Debug|Any CPU
		{9C7C560D-C1C1-41CF-A6C1-F93398A280E1}.Debug|Any CPU.Build.0 = Debug|Any CPU
		{9C7C560D-C1C1-41CF-A6C1-F93398A280E1}.Release|Any CPU.ActiveCfg = Release|Any CPU
		{9C7C560D-C1C1-41CF-A6C1-F93398A280E1}.Release|Any CPU.Build.0 = Release|Any CPU
		{D27DDC06-ECC7-48CD-9148-7F052DD8A1CC}.Debug|Any CPU.ActiveCfg = Debug|Any CPU
		{D27DDC06-ECC7-48CD-9148-7F052DD8A1CC}.Debug|Any CPU.Build.0 = Debug|Any CPU
		{D27DDC06-ECC7-48CD-9148-7F052DD8A1CC}.Release|Any CPU.ActiveCfg = Release|Any CPU
		{D27DDC06-ECC7-48CD-9148-7F052DD8A1CC}.Release|Any CPU.Build.0 = Release|Any CPU
		{51B909AE-A001-4D9D-A88A-E1EE7B42874F}.Debug|Any CPU.ActiveCfg = Debug|Any CPU
		{51B909AE-A001-4D9D-A88A-E1EE7B42874F}.Debug|Any CPU.Build.0 = Debug|Any CPU
		{51B909AE-A001-4D9D-A88A-E1EE7B42874F}.Release|Any CPU.ActiveCfg = Release|Any CPU
		{51B909AE-A001-4D9D-A88A-E1EE7B42874F}.Release|Any CPU.Build.0 = Release|Any CPU
		{79B16E6D-16C4-4D35-8369-28CE876BA4A9}.Debug|Any CPU.ActiveCfg = Debug|Any CPU
		{79B16E6D-16C4-4D35-8369-28CE876BA4A9}.Debug|Any CPU.Build.0 = Debug|Any CPU
		{79B16E6D-16C4-4D35-8369-28CE876BA4A9}.Release|Any CPU.ActiveCfg = Release|Any CPU
		{79B16E6D-16C4-4D35-8369-28CE876BA4A9}.Release|Any CPU.Build.0 = Release|Any CPU
		{0EE1B236-B4B3-4D9E-8E5C-4CBAD80D92FD}.Debug|Any CPU.ActiveCfg = Debug|Any CPU
		{0EE1B236-B4B3-4D9E-8E5C-4CBAD80D92FD}.Debug|Any CPU.Build.0 = Debug|Any CPU
		{0EE1B236-B4B3-4D9E-8E5C-4CBAD80D92FD}.Release|Any CPU.ActiveCfg = Release|Any CPU
		{0EE1B236-B4B3-4D9E-8E5C-4CBAD80D92FD}.Release|Any CPU.Build.0 = Release|Any CPU
		{B184475F-787D-48AF-A291-9BAC6BC7A647}.Debug|Any CPU.ActiveCfg = Debug|Any CPU
		{B184475F-787D-48AF-A291-9BAC6BC7A647}.Debug|Any CPU.Build.0 = Debug|Any CPU
		{B184475F-787D-48AF-A291-9BAC6BC7A647}.Release|Any CPU.ActiveCfg = Release|Any CPU
		{B184475F-787D-48AF-A291-9BAC6BC7A647}.Release|Any CPU.Build.0 = Release|Any CPU
		{E364C945-D752-48A2-B4A7-18B080ED48BE}.Debug|Any CPU.ActiveCfg = Debug|Any CPU
		{E364C945-D752-48A2-B4A7-18B080ED48BE}.Debug|Any CPU.Build.0 = Debug|Any CPU
		{E364C945-D752-48A2-B4A7-18B080ED48BE}.Release|Any CPU.ActiveCfg = Release|Any CPU
		{E364C945-D752-48A2-B4A7-18B080ED48BE}.Release|Any CPU.Build.0 = Release|Any CPU
		{BF6540F1-AE78-4C4A-A4A3-F366E09D74BC}.Debug|Any CPU.ActiveCfg = Debug|Any CPU
		{BF6540F1-AE78-4C4A-A4A3-F366E09D74BC}.Debug|Any CPU.Build.0 = Debug|Any CPU
		{BF6540F1-AE78-4C4A-A4A3-F366E09D74BC}.Release|Any CPU.ActiveCfg = Release|Any CPU
		{BF6540F1-AE78-4C4A-A4A3-F366E09D74BC}.Release|Any CPU.Build.0 = Release|Any CPU
		{5AB7BA03-2510-4732-BECA-09C5DF8802A3}.Debug|Any CPU.ActiveCfg = Debug|Any CPU
		{5AB7BA03-2510-4732-BECA-09C5DF8802A3}.Debug|Any CPU.Build.0 = Debug|Any CPU
		{5AB7BA03-2510-4732-BECA-09C5DF8802A3}.Release|Any CPU.ActiveCfg = Release|Any CPU
		{5AB7BA03-2510-4732-BECA-09C5DF8802A3}.Release|Any CPU.Build.0 = Release|Any CPU
		{18CCB9F9-775F-45B0-A554-E347BC7021C8}.Debug|Any CPU.ActiveCfg = Debug|Any CPU
		{18CCB9F9-775F-45B0-A554-E347BC7021C8}.Debug|Any CPU.Build.0 = Debug|Any CPU
		{18CCB9F9-775F-45B0-A554-E347BC7021C8}.Release|Any CPU.ActiveCfg = Release|Any CPU
		{18CCB9F9-775F-45B0-A554-E347BC7021C8}.Release|Any CPU.Build.0 = Release|Any CPU
	EndGlobalSection
	GlobalSection(SolutionProperties) = preSolution
		HideSolutionNode = FALSE
	EndGlobalSection
	GlobalSection(NestedProjects) = preSolution
		{4EE06626-5F71-4CFD-8871-D77BAEACB225} = {8F001774-FC69-4762-99FD-03E811326E92}
		{0757E11B-E151-4EE7-B0C5-87B730770F0B} = {8F001774-FC69-4762-99FD-03E811326E92}
		{C239DC2C-2681-4DDC-94D2-14F20CFF8451} = {8F001774-FC69-4762-99FD-03E811326E92}
		{C4AA2F16-8610-423E-81D8-B0AA8B4D33B4} = {8F001774-FC69-4762-99FD-03E811326E92}
		{B6BA8E8F-F009-415C-A43E-AAF6157CF5D2} = {8F001774-FC69-4762-99FD-03E811326E92}
		{9AD4E21A-C5A6-43B9-BC8A-9FDA96ED4D98} = {7EAD055A-D33C-40C9-822B-DF5595590DB9}
		{4143E92A-CAB5-4C0A-9DDE-102AAC7C862A} = {7EAD055A-D33C-40C9-822B-DF5595590DB9}
		{3BB45715-43A7-4BB8-8882-9E06B406F189} = {7EAD055A-D33C-40C9-822B-DF5595590DB9}
		{BA353BDD-3335-4FEC-8D44-13F5D111EE0C} = {7EAD055A-D33C-40C9-822B-DF5595590DB9}
		{9C7C560D-C1C1-41CF-A6C1-F93398A280E1} = {7EAD055A-D33C-40C9-822B-DF5595590DB9}
		{D27DDC06-ECC7-48CD-9148-7F052DD8A1CC} = {7E409943-62FF-4AA7-AA63-F7A4D600878D}
		{51B909AE-A001-4D9D-A88A-E1EE7B42874F} = {7E409943-62FF-4AA7-AA63-F7A4D600878D}
		{79B16E6D-16C4-4D35-8369-28CE876BA4A9} = {7E409943-62FF-4AA7-AA63-F7A4D600878D}
		{0EE1B236-B4B3-4D9E-8E5C-4CBAD80D92FD} = {7E409943-62FF-4AA7-AA63-F7A4D600878D}
		{B184475F-787D-48AF-A291-9BAC6BC7A647} = {452899FD-C789-44E4-8901-CC4C5F401E7A}
		{E364C945-D752-48A2-B4A7-18B080ED48BE} = {452899FD-C789-44E4-8901-CC4C5F401E7A}
		{BF6540F1-AE78-4C4A-A4A3-F366E09D74BC} = {452899FD-C789-44E4-8901-CC4C5F401E7A}
		{5AB7BA03-2510-4732-BECA-09C5DF8802A3} = {452899FD-C789-44E4-8901-CC4C5F401E7A}
		{18CCB9F9-775F-45B0-A554-E347BC7021C8} = {88CC6161-A10D-494A-915F-F0A500467BC0}
	EndGlobalSection
	GlobalSection(ExtensibilityGlobals) = postSolution
		SolutionGuid = {9BD2525C-C34E-45FE-83F0-F55B950B179D}
	EndGlobalSection
EndGlobal
